// !$*UTF8*$!
{
	archiveVersion = 1;
	classes = {
	};
	objectVersion = 52;
	objects = {

/* Begin PBXBuildFile section */
		2C4A678A2AC096D80003153A /* LivenessViewController.swift in Sources */ = {isa = PBXBuildFile; fileRef = 2C4A67892AC096D80003153A /* LivenessViewController.swift */; };
		2C4A678C2AC096F30003153A /* IntroductionView.swift in Sources */ = {isa = PBXBuildFile; fileRef = 2C4A678B2AC096F30003153A /* IntroductionView.swift */; };
		2C4A678E2AC0AB7A0003153A /* Closable.swift in Sources */ = {isa = PBXBuildFile; fileRef = 2C4A678D2AC0AB7A0003153A /* Closable.swift */; };
		2C4A679D2AC0B39F0003153A /* flower.xcframework in Frameworks */ = {isa = PBXBuildFile; fileRef = 2C4A67902AC0B38D0003153A /* flower.xcframework */; };
		2C4A679E2AC0B39F0003153A /* flower.xcframework in Embed Frameworks */ = {isa = PBXBuildFile; fileRef = 2C4A67902AC0B38D0003153A /* flower.xcframework */; settings = {ATTRIBUTES = (CodeSignOnCopy, RemoveHeadersOnCopy, ); }; };
		2C4A679F2AC0B3A00003153A /* fsdk.xcframework in Frameworks */ = {isa = PBXBuildFile; fileRef = 2C4A67912AC0B38D0003153A /* fsdk.xcframework */; };
		2C4A67A02AC0B3A00003153A /* fsdk.xcframework in Embed Frameworks */ = {isa = PBXBuildFile; fileRef = 2C4A67912AC0B38D0003153A /* fsdk.xcframework */; settings = {ATTRIBUTES = (CodeSignOnCopy, RemoveHeadersOnCopy, ); }; };
		2C4A67A12AC0B3A30003153A /* LunaCamera.xcframework in Frameworks */ = {isa = PBXBuildFile; fileRef = 2C4A67952AC0B38D0003153A /* LunaCamera.xcframework */; };
		2C4A67A22AC0B3A30003153A /* LunaCamera.xcframework in Embed Frameworks */ = {isa = PBXBuildFile; fileRef = 2C4A67952AC0B38D0003153A /* LunaCamera.xcframework */; settings = {ATTRIBUTES = (CodeSignOnCopy, RemoveHeadersOnCopy, ); }; };
		2C4A67A32AC0B3A60003153A /* LunaAuth.xcframework in Frameworks */ = {isa = PBXBuildFile; fileRef = 2C4A678F2AC0B38D0003153A /* LunaAuth.xcframework */; };
		2C4A67A42AC0B3A60003153A /* LunaAuth.xcframework in Embed Frameworks */ = {isa = PBXBuildFile; fileRef = 2C4A678F2AC0B38D0003153A /* LunaAuth.xcframework */; settings = {ATTRIBUTES = (CodeSignOnCopy, RemoveHeadersOnCopy, ); }; };
		2C4A67A52AC0B3A80003153A /* LunaCore.xcframework in Frameworks */ = {isa = PBXBuildFile; fileRef = 2C4A67922AC0B38D0003153A /* LunaCore.xcframework */; };
		2C4A67A62AC0B3A80003153A /* LunaCore.xcframework in Embed Frameworks */ = {isa = PBXBuildFile; fileRef = 2C4A67922AC0B38D0003153A /* LunaCore.xcframework */; settings = {ATTRIBUTES = (CodeSignOnCopy, RemoveHeadersOnCopy, ); }; };
		2C4A67A72AC0B3A90003153A /* LunaWeb.xcframework in Frameworks */ = {isa = PBXBuildFile; fileRef = 2C4A67942AC0B38D0003153A /* LunaWeb.xcframework */; };
		2C4A67A82AC0B3A90003153A /* LunaWeb.xcframework in Embed Frameworks */ = {isa = PBXBuildFile; fileRef = 2C4A67942AC0B38D0003153A /* LunaWeb.xcframework */; settings = {ATTRIBUTES = (CodeSignOnCopy, RemoveHeadersOnCopy, ); }; };
		2C4A67A92AC0B3AB0003153A /* tsdk.xcframework in Frameworks */ = {isa = PBXBuildFile; fileRef = 2C4A67932AC0B38D0003153A /* tsdk.xcframework */; };
		2C4A67AA2AC0B3AB0003153A /* tsdk.xcframework in Embed Frameworks */ = {isa = PBXBuildFile; fileRef = 2C4A67932AC0B38D0003153A /* tsdk.xcframework */; settings = {ATTRIBUTES = (CodeSignOnCopy, RemoveHeadersOnCopy, ); }; };
		2CA325412AC4B2810064E2E8 /* UIFont+Ext.swift in Sources */ = {isa = PBXBuildFile; fileRef = 2CA325402AC4B2810064E2E8 /* UIFont+Ext.swift */; };
		7E64C79C26426EF800F3CBC7 /* AppDelegate.swift in Sources */ = {isa = PBXBuildFile; fileRef = 7E64C79B26426EF800F3CBC7 /* AppDelegate.swift */; };
		7E64C7A526426EF900F3CBC7 /* Assets.xcassets in Resources */ = {isa = PBXBuildFile; fileRef = 7E64C7A426426EF900F3CBC7 /* Assets.xcassets */; };
		7E64C7A826426EF900F3CBC7 /* LaunchScreen.storyboard in Resources */ = {isa = PBXBuildFile; fileRef = 7E64C7A626426EF900F3CBC7 /* LaunchScreen.storyboard */; };
		7E64C7B0264279A500F3CBC7 /* EtelkaMediumProRegular.ttf in Resources */ = {isa = PBXBuildFile; fileRef = 7E64C7AF264279A500F3CBC7 /* EtelkaMediumProRegular.ttf */; };
		7E64C7C126427A8400F3CBC7 /* String+Localization.swift in Sources */ = {isa = PBXBuildFile; fileRef = 7E64C7BE26427A8400F3CBC7 /* String+Localization.swift */; };
		7E64C7C226427A8400F3CBC7 /* UIButton+Attributed.swift in Sources */ = {isa = PBXBuildFile; fileRef = 7E64C7BF26427A8400F3CBC7 /* UIButton+Attributed.swift */; };
		7E64C7C326427A8400F3CBC7 /* UILabel+Attributed.swift in Sources */ = {isa = PBXBuildFile; fileRef = 7E64C7C026427A8400F3CBC7 /* UILabel+Attributed.swift */; };
		7E64C7C526427AA400F3CBC7 /* UIColor+Hex.swift in Sources */ = {isa = PBXBuildFile; fileRef = 7E64C7C426427AA400F3CBC7 /* UIColor+Hex.swift */; };
		7E64C7E62642809000F3CBC7 /* InfoPlist.strings in Resources */ = {isa = PBXBuildFile; fileRef = 7E64C7E82642809000F3CBC7 /* InfoPlist.strings */; };
		7E64C7EA2642D7D600F3CBC7 /* Localizable.strings in Resources */ = {isa = PBXBuildFile; fileRef = 7E64C7EC2642D7D600F3CBC7 /* Localizable.strings */; };
		7E64C7F02642E13200F3CBC7 /* Error+Ext.swift in Sources */ = {isa = PBXBuildFile; fileRef = 7E64C7EE2642E13200F3CBC7 /* Error+Ext.swift */; };
		7E64C7F12642E13200F3CBC7 /* UIViewController+Ext.swift in Sources */ = {isa = PBXBuildFile; fileRef = 7E64C7EF2642E13200F3CBC7 /* UIViewController+Ext.swift */; };
/* End PBXBuildFile section */

/* Begin PBXCopyFilesBuildPhase section */
		DEC81B9229462BA100299E10 /* Embed Frameworks */ = {
			isa = PBXCopyFilesBuildPhase;
			buildActionMask = 2147483647;
			dstPath = "";
			dstSubfolderSpec = 10;
			files = (
				2C4A67A82AC0B3A90003153A /* LunaWeb.xcframework in Embed Frameworks */,
				2C4A679E2AC0B39F0003153A /* flower.xcframework in Embed Frameworks */,
				2C4A67A42AC0B3A60003153A /* LunaAuth.xcframework in Embed Frameworks */,
				2C4A67A02AC0B3A00003153A /* fsdk.xcframework in Embed Frameworks */,
				2C4A67AA2AC0B3AB0003153A /* tsdk.xcframework in Embed Frameworks */,
				2C4A67A62AC0B3A80003153A /* LunaCore.xcframework in Embed Frameworks */,
				2C4A67A22AC0B3A30003153A /* LunaCamera.xcframework in Embed Frameworks */,
			);
			name = "Embed Frameworks";
			runOnlyForDeploymentPostprocessing = 0;
		};
/* End PBXCopyFilesBuildPhase section */

/* Begin PBXFileReference section */
		2C4A67892AC096D80003153A /* LivenessViewController.swift */ = {isa = PBXFileReference; lastKnownFileType = sourcecode.swift; path = LivenessViewController.swift; sourceTree = "<group>"; };
		2C4A678B2AC096F30003153A /* IntroductionView.swift */ = {isa = PBXFileReference; lastKnownFileType = sourcecode.swift; path = IntroductionView.swift; sourceTree = "<group>"; };
		2C4A678D2AC0AB7A0003153A /* Closable.swift */ = {isa = PBXFileReference; lastKnownFileType = sourcecode.swift; path = Closable.swift; sourceTree = "<group>"; };
		2C4A678F2AC0B38D0003153A /* LunaAuth.xcframework */ = {isa = PBXFileReference; lastKnownFileType = wrapper.xcframework; name = LunaAuth.xcframework; path = Frameworks/LunaAuth.xcframework; sourceTree = "<group>"; };
		2C4A67902AC0B38D0003153A /* flower.xcframework */ = {isa = PBXFileReference; lastKnownFileType = wrapper.xcframework; name = flower.xcframework; path = Frameworks/flower.xcframework; sourceTree = "<group>"; };
		2C4A67912AC0B38D0003153A /* fsdk.xcframework */ = {isa = PBXFileReference; lastKnownFileType = wrapper.xcframework; name = fsdk.xcframework; path = Frameworks/fsdk.xcframework; sourceTree = "<group>"; };
		2C4A67922AC0B38D0003153A /* LunaCore.xcframework */ = {isa = PBXFileReference; lastKnownFileType = wrapper.xcframework; name = LunaCore.xcframework; path = Frameworks/LunaCore.xcframework; sourceTree = "<group>"; };
		2C4A67932AC0B38D0003153A /* tsdk.xcframework */ = {isa = PBXFileReference; lastKnownFileType = wrapper.xcframework; name = tsdk.xcframework; path = Frameworks/tsdk.xcframework; sourceTree = "<group>"; };
		2C4A67942AC0B38D0003153A /* LunaWeb.xcframework */ = {isa = PBXFileReference; lastKnownFileType = wrapper.xcframework; name = LunaWeb.xcframework; path = Frameworks/LunaWeb.xcframework; sourceTree = "<group>"; };
		2C4A67952AC0B38D0003153A /* LunaCamera.xcframework */ = {isa = PBXFileReference; lastKnownFileType = wrapper.xcframework; name = LunaCamera.xcframework; path = Frameworks/LunaCamera.xcframework; sourceTree = "<group>"; };
		2CA325402AC4B2810064E2E8 /* UIFont+Ext.swift */ = {isa = PBXFileReference; lastKnownFileType = sourcecode.swift; path = "UIFont+Ext.swift"; sourceTree = "<group>"; };
		7E3BEE72253086D700520E65 /* UIKit.framework */ = {isa = PBXFileReference; lastKnownFileType = wrapper.framework; name = UIKit.framework; path = System/Library/Frameworks/UIKit.framework; sourceTree = SDKROOT; };
		7E64C79926426EF800F3CBC7 /* Liveness Demo.app */ = {isa = PBXFileReference; explicitFileType = wrapper.application; includeInIndex = 0; path = "Liveness Demo.app"; sourceTree = BUILT_PRODUCTS_DIR; };
		7E64C79B26426EF800F3CBC7 /* AppDelegate.swift */ = {isa = PBXFileReference; lastKnownFileType = sourcecode.swift; path = AppDelegate.swift; sourceTree = "<group>"; };
		7E64C7A426426EF900F3CBC7 /* Assets.xcassets */ = {isa = PBXFileReference; lastKnownFileType = folder.assetcatalog; path = Assets.xcassets; sourceTree = "<group>"; };
		7E64C7A726426EF900F3CBC7 /* Base */ = {isa = PBXFileReference; lastKnownFileType = file.storyboard; name = Base; path = Base.lproj/LaunchScreen.storyboard; sourceTree = "<group>"; };
		7E64C7A926426EF900F3CBC7 /* Info.plist */ = {isa = PBXFileReference; lastKnownFileType = text.plist.xml; path = Info.plist; sourceTree = "<group>"; };
		7E64C7AF264279A500F3CBC7 /* EtelkaMediumProRegular.ttf */ = {isa = PBXFileReference; lastKnownFileType = file; path = EtelkaMediumProRegular.ttf; sourceTree = "<group>"; };
		7E64C7BE26427A8400F3CBC7 /* String+Localization.swift */ = {isa = PBXFileReference; fileEncoding = 4; lastKnownFileType = sourcecode.swift; path = "String+Localization.swift"; sourceTree = "<group>"; };
		7E64C7BF26427A8400F3CBC7 /* UIButton+Attributed.swift */ = {isa = PBXFileReference; fileEncoding = 4; lastKnownFileType = sourcecode.swift; path = "UIButton+Attributed.swift"; sourceTree = "<group>"; };
		7E64C7C026427A8400F3CBC7 /* UILabel+Attributed.swift */ = {isa = PBXFileReference; fileEncoding = 4; lastKnownFileType = sourcecode.swift; path = "UILabel+Attributed.swift"; sourceTree = "<group>"; };
		7E64C7C426427AA400F3CBC7 /* UIColor+Hex.swift */ = {isa = PBXFileReference; fileEncoding = 4; lastKnownFileType = sourcecode.swift; path = "UIColor+Hex.swift"; sourceTree = "<group>"; };
		7E64C7E72642809000F3CBC7 /* en */ = {isa = PBXFileReference; lastKnownFileType = text.plist.strings; name = en; path = en.lproj/InfoPlist.strings; sourceTree = "<group>"; };
		7E64C7E92642809400F3CBC7 /* ru */ = {isa = PBXFileReference; lastKnownFileType = text.plist.strings; name = ru; path = ru.lproj/InfoPlist.strings; sourceTree = "<group>"; };
		7E64C7EB2642D7D600F3CBC7 /* ru */ = {isa = PBXFileReference; lastKnownFileType = text.plist.strings; name = ru; path = ru.lproj/Localizable.strings; sourceTree = "<group>"; };
		7E64C7ED2642D7DA00F3CBC7 /* en */ = {isa = PBXFileReference; lastKnownFileType = text.plist.strings; name = en; path = en.lproj/Localizable.strings; sourceTree = "<group>"; };
		7E64C7EE2642E13200F3CBC7 /* Error+Ext.swift */ = {isa = PBXFileReference; fileEncoding = 4; lastKnownFileType = sourcecode.swift; path = "Error+Ext.swift"; sourceTree = "<group>"; };
		7E64C7EF2642E13200F3CBC7 /* UIViewController+Ext.swift */ = {isa = PBXFileReference; fileEncoding = 4; lastKnownFileType = sourcecode.swift; path = "UIViewController+Ext.swift"; sourceTree = "<group>"; };
		7E77652C253581010093D2D8 /* CoreGraphics.framework */ = {isa = PBXFileReference; lastKnownFileType = wrapper.framework; name = CoreGraphics.framework; path = System/Library/Frameworks/CoreGraphics.framework; sourceTree = SDKROOT; };
		7E7765302535810C0093D2D8 /* CoreVideo.framework */ = {isa = PBXFileReference; lastKnownFileType = wrapper.framework; name = CoreVideo.framework; path = System/Library/Frameworks/CoreVideo.framework; sourceTree = SDKROOT; };
		7E776534253581200093D2D8 /* CoreMedia.framework */ = {isa = PBXFileReference; lastKnownFileType = wrapper.framework; name = CoreMedia.framework; path = System/Library/Frameworks/CoreMedia.framework; sourceTree = SDKROOT; };
		7E776538253589380093D2D8 /* QuartzCore.framework */ = {isa = PBXFileReference; lastKnownFileType = wrapper.framework; name = QuartzCore.framework; path = System/Library/Frameworks/QuartzCore.framework; sourceTree = SDKROOT; };
/* End PBXFileReference section */

/* Begin PBXFrameworksBuildPhase section */
		7E64C79626426EF800F3CBC7 /* Frameworks */ = {
			isa = PBXFrameworksBuildPhase;
			buildActionMask = 2147483647;
			files = (
				2C4A679F2AC0B3A00003153A /* fsdk.xcframework in Frameworks */,
				2C4A679D2AC0B39F0003153A /* flower.xcframework in Frameworks */,
				2C4A67A72AC0B3A90003153A /* LunaWeb.xcframework in Frameworks */,
				2C4A67A32AC0B3A60003153A /* LunaAuth.xcframework in Frameworks */,
				2C4A67A92AC0B3AB0003153A /* tsdk.xcframework in Frameworks */,
				2C4A67A12AC0B3A30003153A /* LunaCamera.xcframework in Frameworks */,
				2C4A67A52AC0B3A80003153A /* LunaCore.xcframework in Frameworks */,
			);
			runOnlyForDeploymentPostprocessing = 0;
		};
/* End PBXFrameworksBuildPhase section */

/* Begin PBXGroup section */
		2C4A67872ABCB3F40003153A /* Application */ = {
			isa = PBXGroup;
			children = (
				7E64C79B26426EF800F3CBC7 /* AppDelegate.swift */,
				7E64C7B726427A5200F3CBC7 /* Extensions */,
			);
			path = Application;
			sourceTree = "<group>";
		};
		2CA325432AC4B6550064E2E8 /* Presentation */ = {
			isa = PBXGroup;
			children = (
				2C4A67892AC096D80003153A /* LivenessViewController.swift */,
				2C4A678B2AC096F30003153A /* IntroductionView.swift */,
				2C4A678D2AC0AB7A0003153A /* Closable.swift */,
			);
			path = Presentation;
			sourceTree = "<group>";
		};
		7E3BED59252DF4D400520E65 = {
			isa = PBXGroup;
			children = (
				7E64C79A26426EF800F3CBC7 /* Liveness Demo */,
				7E3BED63252DF4D400520E65 /* Products */,
				7E3BED96252DF5A600520E65 /* Frameworks */,
			);
			sourceTree = "<group>";
		};
		7E3BED63252DF4D400520E65 /* Products */ = {
			isa = PBXGroup;
			children = (
				7E64C79926426EF800F3CBC7 /* Liveness Demo.app */,
			);
			name = Products;
			sourceTree = "<group>";
		};
		7E3BED96252DF5A600520E65 /* Frameworks */ = {
			isa = PBXGroup;
			children = (
				2C4A67902AC0B38D0003153A /* flower.xcframework */,
				2C4A67912AC0B38D0003153A /* fsdk.xcframework */,
				2C4A678F2AC0B38D0003153A /* LunaAuth.xcframework */,
				2C4A67952AC0B38D0003153A /* LunaCamera.xcframework */,
				2C4A67922AC0B38D0003153A /* LunaCore.xcframework */,
				2C4A67942AC0B38D0003153A /* LunaWeb.xcframework */,
				2C4A67932AC0B38D0003153A /* tsdk.xcframework */,
				7E776538253589380093D2D8 /* QuartzCore.framework */,
				7E776534253581200093D2D8 /* CoreMedia.framework */,
				7E7765302535810C0093D2D8 /* CoreVideo.framework */,
				7E77652C253581010093D2D8 /* CoreGraphics.framework */,
				7E3BEE72253086D700520E65 /* UIKit.framework */,
			);
			name = Frameworks;
			sourceTree = "<group>";
		};
		7E64C79A26426EF800F3CBC7 /* Liveness Demo */ = {
			isa = PBXGroup;
			children = (
				2C4A67872ABCB3F40003153A /* Application */,
				2CA325432AC4B6550064E2E8 /* Presentation */,
				7E64C7A426426EF900F3CBC7 /* Assets.xcassets */,
				7E64C7A626426EF900F3CBC7 /* LaunchScreen.storyboard */,
				7E64C7AF264279A500F3CBC7 /* EtelkaMediumProRegular.ttf */,
				7E64C7A926426EF900F3CBC7 /* Info.plist */,
				7E64C7E82642809000F3CBC7 /* InfoPlist.strings */,
				7E64C7EC2642D7D600F3CBC7 /* Localizable.strings */,
			);
			name = "Liveness Demo";
			sourceTree = SOURCE_ROOT;
		};
		7E64C7B726427A5200F3CBC7 /* Extensions */ = {
			isa = PBXGroup;
			children = (
				7E64C7EE2642E13200F3CBC7 /* Error+Ext.swift */,
				7E64C7EF2642E13200F3CBC7 /* UIViewController+Ext.swift */,
				7E64C7C426427AA400F3CBC7 /* UIColor+Hex.swift */,
				7E64C7BE26427A8400F3CBC7 /* String+Localization.swift */,
				7E64C7BF26427A8400F3CBC7 /* UIButton+Attributed.swift */,
				7E64C7C026427A8400F3CBC7 /* UILabel+Attributed.swift */,
				2CA325402AC4B2810064E2E8 /* UIFont+Ext.swift */,
			);
			path = Extensions;
			sourceTree = "<group>";
		};
/* End PBXGroup section */

/* Begin PBXNativeTarget section */
		7E64C79826426EF800F3CBC7 /* Liveness Demo */ = {
			isa = PBXNativeTarget;
			buildConfigurationList = 7E64C7AA26426EF900F3CBC7 /* Build configuration list for PBXNativeTarget "Liveness Demo" */;
			buildPhases = (
				7E64C79526426EF800F3CBC7 /* Sources */,
				7E64C79626426EF800F3CBC7 /* Frameworks */,
				7E64C79726426EF800F3CBC7 /* Resources */,
				DEC81B9229462BA100299E10 /* Embed Frameworks */,
			);
			buildRules = (
			);
			dependencies = (
			);
			name = "Liveness Demo";
			productName = "Liveness Demo";
			productReference = 7E64C79926426EF800F3CBC7 /* Liveness Demo.app */;
			productType = "com.apple.product-type.application";
		};
/* End PBXNativeTarget section */

/* Begin PBXProject section */
		7E3BED5A252DF4D400520E65 /* Project object */ = {
			isa = PBXProject;
			attributes = {
				LastSwiftUpdateCheck = 1250;
				LastUpgradeCheck = 1200;
				TargetAttributes = {
					7E64C79826426EF800F3CBC7 = {
						CreatedOnToolsVersion = 12.5;
					};
				};
			};
			buildConfigurationList = 7E3BED5D252DF4D400520E65 /* Build configuration list for PBXProject "LunaMobile" */;
			compatibilityVersion = "Xcode 9.3";
			developmentRegion = en;
			hasScannedForEncodings = 0;
			knownRegions = (
				en,
				Base,
				ru,
			);
			mainGroup = 7E3BED59252DF4D400520E65;
			packageReferences = (
			);
			productRefGroup = 7E3BED63252DF4D400520E65 /* Products */;
			projectDirPath = "";
			projectRoot = "";
			targets = (
				7E64C79826426EF800F3CBC7 /* Liveness Demo */,
			);
		};
/* End PBXProject section */

/* Begin PBXResourcesBuildPhase section */
		7E64C79726426EF800F3CBC7 /* Resources */ = {
			isa = PBXResourcesBuildPhase;
			buildActionMask = 2147483647;
			files = (
				7E64C7B0264279A500F3CBC7 /* EtelkaMediumProRegular.ttf in Resources */,
				7E64C7A826426EF900F3CBC7 /* LaunchScreen.storyboard in Resources */,
				7E64C7A526426EF900F3CBC7 /* Assets.xcassets in Resources */,
				7E64C7E62642809000F3CBC7 /* InfoPlist.strings in Resources */,
				7E64C7EA2642D7D600F3CBC7 /* Localizable.strings in Resources */,
			);
			runOnlyForDeploymentPostprocessing = 0;
		};
/* End PBXResourcesBuildPhase section */

/* Begin PBXSourcesBuildPhase section */
		7E64C79526426EF800F3CBC7 /* Sources */ = {
			isa = PBXSourcesBuildPhase;
			buildActionMask = 2147483647;
			files = (
				7E64C7F02642E13200F3CBC7 /* Error+Ext.swift in Sources */,
				2C4A678A2AC096D80003153A /* LivenessViewController.swift in Sources */,
				7E64C7F12642E13200F3CBC7 /* UIViewController+Ext.swift in Sources */,
				7E64C7C526427AA400F3CBC7 /* UIColor+Hex.swift in Sources */,
				7E64C7C326427A8400F3CBC7 /* UILabel+Attributed.swift in Sources */,
				7E64C79C26426EF800F3CBC7 /* AppDelegate.swift in Sources */,
				2CA325412AC4B2810064E2E8 /* UIFont+Ext.swift in Sources */,
				7E64C7C126427A8400F3CBC7 /* String+Localization.swift in Sources */,
				7E64C7C226427A8400F3CBC7 /* UIButton+Attributed.swift in Sources */,
				2C4A678C2AC096F30003153A /* IntroductionView.swift in Sources */,
				2C4A678E2AC0AB7A0003153A /* Closable.swift in Sources */,
			);
			runOnlyForDeploymentPostprocessing = 0;
		};
/* End PBXSourcesBuildPhase section */

/* Begin PBXVariantGroup section */
		7E64C7A626426EF900F3CBC7 /* LaunchScreen.storyboard */ = {
			isa = PBXVariantGroup;
			children = (
				7E64C7A726426EF900F3CBC7 /* Base */,
			);
			name = LaunchScreen.storyboard;
			sourceTree = "<group>";
		};
		7E64C7E82642809000F3CBC7 /* InfoPlist.strings */ = {
			isa = PBXVariantGroup;
			children = (
				7E64C7E72642809000F3CBC7 /* en */,
				7E64C7E92642809400F3CBC7 /* ru */,
			);
			name = InfoPlist.strings;
			sourceTree = "<group>";
		};
		7E64C7EC2642D7D600F3CBC7 /* Localizable.strings */ = {
			isa = PBXVariantGroup;
			children = (
				7E64C7EB2642D7D600F3CBC7 /* ru */,
				7E64C7ED2642D7DA00F3CBC7 /* en */,
			);
			name = Localizable.strings;
			sourceTree = "<group>";
		};
/* End PBXVariantGroup section */

/* Begin XCBuildConfiguration section */
		7E3BED74252DF4D600520E65 /* Debug */ = {
			isa = XCBuildConfiguration;
			buildSettings = {
				ALWAYS_SEARCH_USER_PATHS = NO;
				CLANG_ANALYZER_LOCALIZABILITY_NONLOCALIZED = YES;
				CLANG_ANALYZER_NONNULL = YES;
				CLANG_ANALYZER_NUMBER_OBJECT_CONVERSION = YES_AGGRESSIVE;
				CLANG_CXX_LANGUAGE_STANDARD = "gnu++14";
				CLANG_CXX_LIBRARY = "libc++";
				CLANG_ENABLE_MODULES = YES;
				CLANG_ENABLE_OBJC_ARC = YES;
				CLANG_ENABLE_OBJC_WEAK = YES;
				CLANG_WARN_BLOCK_CAPTURE_AUTORELEASING = YES;
				CLANG_WARN_BOOL_CONVERSION = YES;
				CLANG_WARN_COMMA = YES;
				CLANG_WARN_CONSTANT_CONVERSION = YES;
				CLANG_WARN_DEPRECATED_OBJC_IMPLEMENTATIONS = YES;
				CLANG_WARN_DIRECT_OBJC_ISA_USAGE = YES_ERROR;
				CLANG_WARN_DOCUMENTATION_COMMENTS = YES;
				CLANG_WARN_EMPTY_BODY = YES;
				CLANG_WARN_ENUM_CONVERSION = YES;
				CLANG_WARN_INFINITE_RECURSION = YES;
				CLANG_WARN_INT_CONVERSION = YES;
				CLANG_WARN_NON_LITERAL_NULL_CONVERSION = YES;
				CLANG_WARN_OBJC_IMPLICIT_RETAIN_SELF = YES;
				CLANG_WARN_OBJC_LITERAL_CONVERSION = YES;
				CLANG_WARN_OBJC_ROOT_CLASS = YES_ERROR;
				CLANG_WARN_QUOTED_INCLUDE_IN_FRAMEWORK_HEADER = YES;
				CLANG_WARN_RANGE_LOOP_ANALYSIS = YES;
				CLANG_WARN_STRICT_PROTOTYPES = YES;
				CLANG_WARN_SUSPICIOUS_MOVE = YES;
				CLANG_WARN_UNGUARDED_AVAILABILITY = YES_AGGRESSIVE;
				CLANG_WARN_UNREACHABLE_CODE = YES;
				CLANG_WARN__DUPLICATE_METHOD_MATCH = YES;
				COPY_PHASE_STRIP = NO;
				DEBUG_INFORMATION_FORMAT = dwarf;
				ENABLE_STRICT_OBJC_MSGSEND = YES;
				ENABLE_TESTABILITY = YES;
				GCC_C_LANGUAGE_STANDARD = gnu11;
				GCC_DYNAMIC_NO_PIC = NO;
				GCC_NO_COMMON_BLOCKS = YES;
				GCC_OPTIMIZATION_LEVEL = 0;
				GCC_PREPROCESSOR_DEFINITIONS = (
					"DEBUG=1",
					"$(inherited)",
				);
				GCC_WARN_64_TO_32_BIT_CONVERSION = YES;
				GCC_WARN_ABOUT_RETURN_TYPE = YES_ERROR;
				GCC_WARN_UNDECLARED_SELECTOR = YES;
				GCC_WARN_UNINITIALIZED_AUTOS = YES_AGGRESSIVE;
				GCC_WARN_UNUSED_FUNCTION = YES;
				GCC_WARN_UNUSED_VARIABLE = YES;
				IPHONEOS_DEPLOYMENT_TARGET = 14.0;
				MTL_ENABLE_DEBUG_INFO = INCLUDE_SOURCE;
				MTL_FAST_MATH = YES;
				ONLY_ACTIVE_ARCH = YES;
				SDKROOT = iphoneos;
				SWIFT_ACTIVE_COMPILATION_CONDITIONS = DEBUG;
				SWIFT_OPTIMIZATION_LEVEL = "-Onone";
			};
			name = Debug;
		};
		7E3BED75252DF4D600520E65 /* Release */ = {
			isa = XCBuildConfiguration;
			buildSettings = {
				ALWAYS_SEARCH_USER_PATHS = NO;
				CLANG_ANALYZER_LOCALIZABILITY_NONLOCALIZED = YES;
				CLANG_ANALYZER_NONNULL = YES;
				CLANG_ANALYZER_NUMBER_OBJECT_CONVERSION = YES_AGGRESSIVE;
				CLANG_CXX_LANGUAGE_STANDARD = "gnu++14";
				CLANG_CXX_LIBRARY = "libc++";
				CLANG_ENABLE_MODULES = YES;
				CLANG_ENABLE_OBJC_ARC = YES;
				CLANG_ENABLE_OBJC_WEAK = YES;
				CLANG_WARN_BLOCK_CAPTURE_AUTORELEASING = YES;
				CLANG_WARN_BOOL_CONVERSION = YES;
				CLANG_WARN_COMMA = YES;
				CLANG_WARN_CONSTANT_CONVERSION = YES;
				CLANG_WARN_DEPRECATED_OBJC_IMPLEMENTATIONS = YES;
				CLANG_WARN_DIRECT_OBJC_ISA_USAGE = YES_ERROR;
				CLANG_WARN_DOCUMENTATION_COMMENTS = YES;
				CLANG_WARN_EMPTY_BODY = YES;
				CLANG_WARN_ENUM_CONVERSION = YES;
				CLANG_WARN_INFINITE_RECURSION = YES;
				CLANG_WARN_INT_CONVERSION = YES;
				CLANG_WARN_NON_LITERAL_NULL_CONVERSION = YES;
				CLANG_WARN_OBJC_IMPLICIT_RETAIN_SELF = YES;
				CLANG_WARN_OBJC_LITERAL_CONVERSION = YES;
				CLANG_WARN_OBJC_ROOT_CLASS = YES_ERROR;
				CLANG_WARN_QUOTED_INCLUDE_IN_FRAMEWORK_HEADER = YES;
				CLANG_WARN_RANGE_LOOP_ANALYSIS = YES;
				CLANG_WARN_STRICT_PROTOTYPES = YES;
				CLANG_WARN_SUSPICIOUS_MOVE = YES;
				CLANG_WARN_UNGUARDED_AVAILABILITY = YES_AGGRESSIVE;
				CLANG_WARN_UNREACHABLE_CODE = YES;
				CLANG_WARN__DUPLICATE_METHOD_MATCH = YES;
				COPY_PHASE_STRIP = NO;
				DEBUG_INFORMATION_FORMAT = "dwarf-with-dsym";
				ENABLE_NS_ASSERTIONS = NO;
				ENABLE_STRICT_OBJC_MSGSEND = YES;
				GCC_C_LANGUAGE_STANDARD = gnu11;
				GCC_NO_COMMON_BLOCKS = YES;
				GCC_WARN_64_TO_32_BIT_CONVERSION = YES;
				GCC_WARN_ABOUT_RETURN_TYPE = YES_ERROR;
				GCC_WARN_UNDECLARED_SELECTOR = YES;
				GCC_WARN_UNINITIALIZED_AUTOS = YES_AGGRESSIVE;
				GCC_WARN_UNUSED_FUNCTION = YES;
				GCC_WARN_UNUSED_VARIABLE = YES;
				IPHONEOS_DEPLOYMENT_TARGET = 14.0;
				MTL_ENABLE_DEBUG_INFO = NO;
				MTL_FAST_MATH = YES;
				SDKROOT = iphoneos;
				SWIFT_COMPILATION_MODE = wholemodule;
				SWIFT_OPTIMIZATION_LEVEL = "-O";
				VALIDATE_PRODUCT = YES;
			};
			name = Release;
		};
		7E64C7AB26426EF900F3CBC7 /* Debug */ = {
			isa = XCBuildConfiguration;
			buildSettings = {
				ALWAYS_SEARCH_USER_PATHS = NO;
				ASSETCATALOG_COMPILER_APPICON_NAME = AppIcon;
				ASSETCATALOG_COMPILER_GLOBAL_ACCENT_COLOR_NAME = AccentColor;
				CLANG_ANALYZER_NONNULL = YES;
				CLANG_ANALYZER_NUMBER_OBJECT_CONVERSION = YES_AGGRESSIVE;
				CLANG_CXX_LANGUAGE_STANDARD = "gnu++14";
				CLANG_CXX_LIBRARY = "libc++";
				CLANG_ENABLE_MODULES = YES;
				CLANG_ENABLE_OBJC_ARC = YES;
				CLANG_ENABLE_OBJC_WEAK = YES;
				CLANG_WARN_BLOCK_CAPTURE_AUTORELEASING = YES;
				CLANG_WARN_BOOL_CONVERSION = YES;
				CLANG_WARN_COMMA = YES;
				CLANG_WARN_CONSTANT_CONVERSION = YES;
				CLANG_WARN_DEPRECATED_OBJC_IMPLEMENTATIONS = YES;
				CLANG_WARN_DIRECT_OBJC_ISA_USAGE = YES_ERROR;
				CLANG_WARN_DOCUMENTATION_COMMENTS = YES;
				CLANG_WARN_EMPTY_BODY = YES;
				CLANG_WARN_ENUM_CONVERSION = YES;
				CLANG_WARN_INFINITE_RECURSION = YES;
				CLANG_WARN_INT_CONVERSION = YES;
				CLANG_WARN_NON_LITERAL_NULL_CONVERSION = YES;
				CLANG_WARN_OBJC_IMPLICIT_RETAIN_SELF = YES;
				CLANG_WARN_OBJC_LITERAL_CONVERSION = YES;
				CLANG_WARN_OBJC_ROOT_CLASS = YES_ERROR;
				CLANG_WARN_QUOTED_INCLUDE_IN_FRAMEWORK_HEADER = YES;
				CLANG_WARN_RANGE_LOOP_ANALYSIS = YES;
				CLANG_WARN_STRICT_PROTOTYPES = YES;
				CLANG_WARN_SUSPICIOUS_MOVE = YES;
				CLANG_WARN_UNGUARDED_AVAILABILITY = YES_AGGRESSIVE;
				CLANG_WARN_UNREACHABLE_CODE = YES;
				CLANG_WARN__DUPLICATE_METHOD_MATCH = YES;
				COPY_PHASE_STRIP = NO;
				CURRENT_PROJECT_VERSION = 17;
				DEBUG_INFORMATION_FORMAT = dwarf;
				DEVELOPMENT_TEAM = TM98MB69S4;
				ENABLE_BITCODE = NO;
				ENABLE_STRICT_OBJC_MSGSEND = YES;
				ENABLE_TESTABILITY = YES;
				FRAMEWORK_SEARCH_PATHS = (
					"$(inherited)",
					"$(PROJECT_DIR)/**",
				);
				GCC_C_LANGUAGE_STANDARD = gnu11;
				GCC_DYNAMIC_NO_PIC = NO;
				GCC_NO_COMMON_BLOCKS = YES;
				GCC_OPTIMIZATION_LEVEL = 0;
				GCC_WARN_64_TO_32_BIT_CONVERSION = YES;
				GCC_WARN_ABOUT_RETURN_TYPE = YES_ERROR;
				GCC_WARN_UNDECLARED_SELECTOR = YES;
				GCC_WARN_UNINITIALIZED_AUTOS = YES_AGGRESSIVE;
				GCC_WARN_UNUSED_FUNCTION = YES;
				GCC_WARN_UNUSED_VARIABLE = YES;
				INFOPLIST_FILE = Info.plist;
				LD_RUNPATH_SEARCH_PATHS = (
					"$(inherited)",
					"@executable_path/Frameworks",
				);
				MARKETING_VERSION = 2.0;
				MTL_ENABLE_DEBUG_INFO = INCLUDE_SOURCE;
				MTL_FAST_MATH = YES;
				ONLY_ACTIVE_ARCH = YES;
				PRODUCT_BUNDLE_IDENTIFIER = "ai.visionlabs.Liveness-Demo";
				PRODUCT_NAME = "$(TARGET_NAME)";
				SDKROOT = iphoneos;
				SUPPORTED_PLATFORMS = "iphoneos iphonesimulator";
				SUPPORTS_MACCATALYST = NO;
				SUPPORTS_MAC_DESIGNED_FOR_IPHONE_IPAD = NO;
				SWIFT_ACTIVE_COMPILATION_CONDITIONS = DEBUG;
				SWIFT_OPTIMIZATION_LEVEL = "-Onone";
				SWIFT_VERSION = 5.0;
				TARGETED_DEVICE_FAMILY = 1;
			};
			name = Debug;
		};
		7E64C7AD26426EF900F3CBC7 /* Release */ = {
			isa = XCBuildConfiguration;
			buildSettings = {
				ALWAYS_SEARCH_USER_PATHS = NO;
				ASSETCATALOG_COMPILER_APPICON_NAME = AppIcon;
				ASSETCATALOG_COMPILER_GLOBAL_ACCENT_COLOR_NAME = AccentColor;
				BUILD_LIBRARY_FOR_DISTRIBUTION = YES;
				CLANG_ANALYZER_NONNULL = YES;
				CLANG_ANALYZER_NUMBER_OBJECT_CONVERSION = YES_AGGRESSIVE;
				CLANG_CXX_LANGUAGE_STANDARD = "gnu++14";
				CLANG_CXX_LIBRARY = "libc++";
				CLANG_ENABLE_MODULES = YES;
				CLANG_ENABLE_OBJC_ARC = YES;
				CLANG_ENABLE_OBJC_WEAK = YES;
				CLANG_WARN_BLOCK_CAPTURE_AUTORELEASING = YES;
				CLANG_WARN_BOOL_CONVERSION = YES;
				CLANG_WARN_COMMA = YES;
				CLANG_WARN_CONSTANT_CONVERSION = YES;
				CLANG_WARN_DEPRECATED_OBJC_IMPLEMENTATIONS = YES;
				CLANG_WARN_DIRECT_OBJC_ISA_USAGE = YES_ERROR;
				CLANG_WARN_DOCUMENTATION_COMMENTS = YES;
				CLANG_WARN_EMPTY_BODY = YES;
				CLANG_WARN_ENUM_CONVERSION = YES;
				CLANG_WARN_INFINITE_RECURSION = YES;
				CLANG_WARN_INT_CONVERSION = YES;
				CLANG_WARN_NON_LITERAL_NULL_CONVERSION = YES;
				CLANG_WARN_OBJC_IMPLICIT_RETAIN_SELF = YES;
				CLANG_WARN_OBJC_LITERAL_CONVERSION = YES;
				CLANG_WARN_OBJC_ROOT_CLASS = YES_ERROR;
				CLANG_WARN_QUOTED_INCLUDE_IN_FRAMEWORK_HEADER = YES;
				CLANG_WARN_RANGE_LOOP_ANALYSIS = YES;
				CLANG_WARN_STRICT_PROTOTYPES = YES;
				CLANG_WARN_SUSPICIOUS_MOVE = YES;
				CLANG_WARN_UNGUARDED_AVAILABILITY = YES_AGGRESSIVE;
				CLANG_WARN_UNREACHABLE_CODE = YES;
				CLANG_WARN__DUPLICATE_METHOD_MATCH = YES;
				COPY_PHASE_STRIP = NO;
				CURRENT_PROJECT_VERSION = 17;
				DEBUG_INFORMATION_FORMAT = "dwarf-with-dsym";
				DEVELOPMENT_TEAM = TM98MB69S4;
				ENABLE_BITCODE = NO;
				ENABLE_NS_ASSERTIONS = NO;
				ENABLE_STRICT_OBJC_MSGSEND = YES;
				FRAMEWORK_SEARCH_PATHS = (
					"$(inherited)",
					"$(PROJECT_DIR)/**",
				);
				GCC_C_LANGUAGE_STANDARD = gnu11;
				GCC_NO_COMMON_BLOCKS = YES;
				GCC_WARN_64_TO_32_BIT_CONVERSION = YES;
				GCC_WARN_ABOUT_RETURN_TYPE = YES_ERROR;
				GCC_WARN_UNDECLARED_SELECTOR = YES;
				GCC_WARN_UNINITIALIZED_AUTOS = YES_AGGRESSIVE;
				GCC_WARN_UNUSED_FUNCTION = YES;
				GCC_WARN_UNUSED_VARIABLE = YES;
				INFOPLIST_FILE = Info.plist;
				LD_RUNPATH_SEARCH_PATHS = (
					"$(inherited)",
					"@executable_path/Frameworks",
				);
				MARKETING_VERSION = 2.0;
				MTL_ENABLE_DEBUG_INFO = NO;
				MTL_FAST_MATH = YES;
				PRODUCT_BUNDLE_IDENTIFIER = "ai.visionlabs.Liveness-Demo";
				PRODUCT_NAME = "$(TARGET_NAME)";
				SDKROOT = iphoneos;
				SUPPORTED_PLATFORMS = "iphoneos iphonesimulator";
				SUPPORTS_MACCATALYST = NO;
				SUPPORTS_MAC_DESIGNED_FOR_IPHONE_IPAD = NO;
				SWIFT_COMPILATION_MODE = wholemodule;
				SWIFT_OPTIMIZATION_LEVEL = "-O";
				SWIFT_VERSION = 5.0;
				TARGETED_DEVICE_FAMILY = 1;
				VALIDATE_PRODUCT = YES;
			};
			name = Release;
		};
/* End XCBuildConfiguration section */

/* Begin XCConfigurationList section */
		7E3BED5D252DF4D400520E65 /* Build configuration list for PBXProject "LunaMobile" */ = {
			isa = XCConfigurationList;
			buildConfigurations = (
				7E3BED74252DF4D600520E65 /* Debug */,
				7E3BED75252DF4D600520E65 /* Release */,
			);
			defaultConfigurationIsVisible = 0;
			defaultConfigurationName = Release;
		};
		7E64C7AA26426EF900F3CBC7 /* Build configuration list for PBXNativeTarget "Liveness Demo" */ = {
			isa = XCConfigurationList;
			buildConfigurations = (
				7E64C7AB26426EF900F3CBC7 /* Debug */,
				7E64C7AD26426EF900F3CBC7 /* Release */,
			);
			defaultConfigurationIsVisible = 0;
			defaultConfigurationName = Release;
		};
/* End XCConfigurationList section */
	};
	rootObject = 7E3BED5A252DF4D400520E65 /* Project object */;
}
